
Microsoft Visual Studio Solution File, Format Version 12.00
# Visual Studio Version 17
VisualStudioVersion = 17.0.32014.148
MinimumVisualStudioVersion = 10.0.40219.1
Project("{9A19103F-16F7-4668-BE54-9A1E7A4F7556}") = "Products.Api", "Products\Product.Api\Products.Api.csproj", "{BDA9C4B4-BB51-4210-8866-FCCE603E9A98}"
EndProject
Global
	GlobalSection(SolutionConfigurationPlatforms) = preSolution
		Debug|Any CPU = Debug|Any CPU
		Release|Any CPU = Release|Any CPU
	EndGlobalSection
	GlobalSection(ProjectConfigurationPlatforms) = postSolution
		{BDA9C4B4-BB51-4210-8866-FCCE603E9A98}.Debug|Any CPU.ActiveCfg = Debug|Any CPU
		{BDA9C4B4-BB51-4210-8866-FCCE603E9A98}.Debug|Any CPU.Build.0 = Debug|Any CPU
		{BDA9C4B4-BB51-4210-8866-FCCE603E9A98}.Release|Any CPU.ActiveCfg = Release|Any CPU
		{BDA9C4B4-BB51-4210-8866-FCCE603E9A98}.Release|Any CPU.Build.0 = Release|Any CPU
	EndGlobalSection
	GlobalSection(SolutionProperties) = preSolution
		HideSolutionNode = FALSE
	EndGlobalSection
	GlobalSection(ExtensibilityGlobals) = postSolution
		SolutionGuid = {64A6ED27-1E32-45AE-9D25-4C39349CBBD6}
	EndGlobalSection
EndGlobal
